// !$*UTF8*$!
{
	archiveVersion = 1;
	classes = {
	};
	objectVersion = 55;
	objects = {

/* Begin PBXBuildFile section */
		30E55E7B42CB3FA1475545DC /* Pods_FlixTests.framework in Frameworks */ = {isa = PBXBuildFile; fileRef = 2ABE82F800417E6F0CC7F3D5 /* Pods_FlixTests.framework */; };
		58304F1C7F91D2E163FED9D0 /* Pods_Flix_FlixUITests.framework in Frameworks */ = {isa = PBXBuildFile; fileRef = 2BB45BC5F5F39B425D41B82E /* Pods_Flix_FlixUITests.framework */; };
		CF0881916E25ED59EB6ED4C3 /* Pods_Flix.framework in Frameworks */ = {isa = PBXBuildFile; fileRef = 335C7E757EBE6FA77F5777E5 /* Pods_Flix.framework */; };
		EC4E1A7D27C98E1F00B10AE0 /* AppDelegate.swift in Sources */ = {isa = PBXBuildFile; fileRef = EC4E1A7C27C98E1F00B10AE0 /* AppDelegate.swift */; };
		EC4E1A7F27C98E1F00B10AE0 /* SceneDelegate.swift in Sources */ = {isa = PBXBuildFile; fileRef = EC4E1A7E27C98E1F00B10AE0 /* SceneDelegate.swift */; };
		EC4E1A8127C98E1F00B10AE0 /* ViewController.swift in Sources */ = {isa = PBXBuildFile; fileRef = EC4E1A8027C98E1F00B10AE0 /* ViewController.swift */; };
		EC4E1A8427C98E1F00B10AE0 /* Main.storyboard in Resources */ = {isa = PBXBuildFile; fileRef = EC4E1A8227C98E1F00B10AE0 /* Main.storyboard */; };
		EC4E1A8627C98E2100B10AE0 /* Assets.xcassets in Resources */ = {isa = PBXBuildFile; fileRef = EC4E1A8527C98E2100B10AE0 /* Assets.xcassets */; };
		EC4E1A8927C98E2100B10AE0 /* LaunchScreen.storyboard in Resources */ = {isa = PBXBuildFile; fileRef = EC4E1A8727C98E2100B10AE0 /* LaunchScreen.storyboard */; };
		EC4E1A9427C98E2100B10AE0 /* FlixTests.swift in Sources */ = {isa = PBXBuildFile; fileRef = EC4E1A9327C98E2100B10AE0 /* FlixTests.swift */; };
		EC4E1A9E27C98E2100B10AE0 /* FlixUITests.swift in Sources */ = {isa = PBXBuildFile; fileRef = EC4E1A9D27C98E2100B10AE0 /* FlixUITests.swift */; };
		EC4E1AA027C98E2100B10AE0 /* FlixUITestsLaunchTests.swift in Sources */ = {isa = PBXBuildFile; fileRef = EC4E1A9F27C98E2100B10AE0 /* FlixUITestsLaunchTests.swift */; };
		EC4E1AB127C99E8200B10AE0 /* MovieCell.swift in Sources */ = {isa = PBXBuildFile; fileRef = EC4E1AB027C99E8200B10AE0 /* MovieCell.swift */; };
		EC4E1AB427C9A2A500B10AE0 /* AlamofireImage in Frameworks */ = {isa = PBXBuildFile; productRef = EC4E1AB327C9A2A500B10AE0 /* AlamofireImage */; };
/* End PBXBuildFile section */

/* Begin PBXContainerItemProxy section */
		EC4E1A9027C98E2100B10AE0 /* PBXContainerItemProxy */ = {
			isa = PBXContainerItemProxy;
			containerPortal = EC4E1A7127C98E1F00B10AE0 /* Project object */;
			proxyType = 1;
			remoteGlobalIDString = EC4E1A7827C98E1F00B10AE0;
			remoteInfo = Flix;
		};
		EC4E1A9A27C98E2100B10AE0 /* PBXContainerItemProxy */ = {
			isa = PBXContainerItemProxy;
			containerPortal = EC4E1A7127C98E1F00B10AE0 /* Project object */;
			proxyType = 1;
			remoteGlobalIDString = EC4E1A7827C98E1F00B10AE0;
			remoteInfo = Flix;
		};
/* End PBXContainerItemProxy section */

/* Begin PBXFileReference section */
		2ABE82F800417E6F0CC7F3D5 /* Pods_FlixTests.framework */ = {isa = PBXFileReference; explicitFileType = wrapper.framework; includeInIndex = 0; path = Pods_FlixTests.framework; sourceTree = BUILT_PRODUCTS_DIR; };
		2BB45BC5F5F39B425D41B82E /* Pods_Flix_FlixUITests.framework */ = {isa = PBXFileReference; explicitFileType = wrapper.framework; includeInIndex = 0; path = Pods_Flix_FlixUITests.framework; sourceTree = BUILT_PRODUCTS_DIR; };
		335C7E757EBE6FA77F5777E5 /* Pods_Flix.framework */ = {isa = PBXFileReference; explicitFileType = wrapper.framework; includeInIndex = 0; path = Pods_Flix.framework; sourceTree = BUILT_PRODUCTS_DIR; };
		5559E63464AA417E420F75E6 /* Pods-FlixTests.release.xcconfig */ = {isa = PBXFileReference; includeInIndex = 1; lastKnownFileType = text.xcconfig; name = "Pods-FlixTests.release.xcconfig"; path = "Target Support Files/Pods-FlixTests/Pods-FlixTests.release.xcconfig"; sourceTree = "<group>"; };
		A1245119B10A9262D5CB10D7 /* Pods-Flix-FlixUITests.debug.xcconfig */ = {isa = PBXFileReference; includeInIndex = 1; lastKnownFileType = text.xcconfig; name = "Pods-Flix-FlixUITests.debug.xcconfig"; path = "Target Support Files/Pods-Flix-FlixUITests/Pods-Flix-FlixUITests.debug.xcconfig"; sourceTree = "<group>"; };
		A5E16FB0B9DD38B7839B6F2E /* Pods-Flix.debug.xcconfig */ = {isa = PBXFileReference; includeInIndex = 1; lastKnownFileType = text.xcconfig; name = "Pods-Flix.debug.xcconfig"; path = "Target Support Files/Pods-Flix/Pods-Flix.debug.xcconfig"; sourceTree = "<group>"; };
		C180BA3D5FA388976B023D12 /* Pods-Flix.release.xcconfig */ = {isa = PBXFileReference; includeInIndex = 1; lastKnownFileType = text.xcconfig; name = "Pods-Flix.release.xcconfig"; path = "Target Support Files/Pods-Flix/Pods-Flix.release.xcconfig"; sourceTree = "<group>"; };
		DE94009B3A9A8E7263A3CCBF /* Pods-Flix-FlixUITests.release.xcconfig */ = {isa = PBXFileReference; includeInIndex = 1; lastKnownFileType = text.xcconfig; name = "Pods-Flix-FlixUITests.release.xcconfig"; path = "Target Support Files/Pods-Flix-FlixUITests/Pods-Flix-FlixUITests.release.xcconfig"; sourceTree = "<group>"; };
		EC4E1A7927C98E1F00B10AE0 /* Flix.app */ = {isa = PBXFileReference; explicitFileType = wrapper.application; includeInIndex = 0; path = Flix.app; sourceTree = BUILT_PRODUCTS_DIR; };
		EC4E1A7C27C98E1F00B10AE0 /* AppDelegate.swift */ = {isa = PBXFileReference; lastKnownFileType = sourcecode.swift; path = AppDelegate.swift; sourceTree = "<group>"; };
		EC4E1A7E27C98E1F00B10AE0 /* SceneDelegate.swift */ = {isa = PBXFileReference; lastKnownFileType = sourcecode.swift; path = SceneDelegate.swift; sourceTree = "<group>"; };
		EC4E1A8027C98E1F00B10AE0 /* ViewController.swift */ = {isa = PBXFileReference; lastKnownFileType = sourcecode.swift; path = ViewController.swift; sourceTree = "<group>"; };
		EC4E1A8327C98E1F00B10AE0 /* Base */ = {isa = PBXFileReference; lastKnownFileType = file.storyboard; name = Base; path = Base.lproj/Main.storyboard; sourceTree = "<group>"; };
		EC4E1A8527C98E2100B10AE0 /* Assets.xcassets */ = {isa = PBXFileReference; lastKnownFileType = folder.assetcatalog; path = Assets.xcassets; sourceTree = "<group>"; };
		EC4E1A8827C98E2100B10AE0 /* Base */ = {isa = PBXFileReference; lastKnownFileType = file.storyboard; name = Base; path = Base.lproj/LaunchScreen.storyboard; sourceTree = "<group>"; };
		EC4E1A8A27C98E2100B10AE0 /* Info.plist */ = {isa = PBXFileReference; lastKnownFileType = text.plist.xml; path = Info.plist; sourceTree = "<group>"; };
		EC4E1A8F27C98E2100B10AE0 /* FlixTests.xctest */ = {isa = PBXFileReference; explicitFileType = wrapper.cfbundle; includeInIndex = 0; path = FlixTests.xctest; sourceTree = BUILT_PRODUCTS_DIR; };
		EC4E1A9327C98E2100B10AE0 /* FlixTests.swift */ = {isa = PBXFileReference; lastKnownFileType = sourcecode.swift; path = FlixTests.swift; sourceTree = "<group>"; };
		EC4E1A9927C98E2100B10AE0 /* FlixUITests.xctest */ = {isa = PBXFileReference; explicitFileType = wrapper.cfbundle; includeInIndex = 0; path = FlixUITests.xctest; sourceTree = BUILT_PRODUCTS_DIR; };
		EC4E1A9D27C98E2100B10AE0 /* FlixUITests.swift */ = {isa = PBXFileReference; lastKnownFileType = sourcecode.swift; path = FlixUITests.swift; sourceTree = "<group>"; };
		EC4E1A9F27C98E2100B10AE0 /* FlixUITestsLaunchTests.swift */ = {isa = PBXFileReference; lastKnownFileType = sourcecode.swift; path = FlixUITestsLaunchTests.swift; sourceTree = "<group>"; };
		EC4E1AB027C99E8200B10AE0 /* MovieCell.swift */ = {isa = PBXFileReference; lastKnownFileType = sourcecode.swift; path = MovieCell.swift; sourceTree = "<group>"; };
		F9C1E90B653F8DD00DD804EB /* Pods-FlixTests.debug.xcconfig */ = {isa = PBXFileReference; includeInIndex = 1; lastKnownFileType = text.xcconfig; name = "Pods-FlixTests.debug.xcconfig"; path = "Target Support Files/Pods-FlixTests/Pods-FlixTests.debug.xcconfig"; sourceTree = "<group>"; };
/* End PBXFileReference section */

/* Begin PBXFrameworksBuildPhase section */
		EC4E1A7627C98E1F00B10AE0 /* Frameworks */ = {
			isa = PBXFrameworksBuildPhase;
			buildActionMask = 2147483647;
			files = (
				EC4E1AB427C9A2A500B10AE0 /* AlamofireImage in Frameworks */,
				CF0881916E25ED59EB6ED4C3 /* Pods_Flix.framework in Frameworks */,
			);
			runOnlyForDeploymentPostprocessing = 0;
		};
		EC4E1A8C27C98E2100B10AE0 /* Frameworks */ = {
			isa = PBXFrameworksBuildPhase;
			buildActionMask = 2147483647;
			files = (
				30E55E7B42CB3FA1475545DC /* Pods_FlixTests.framework in Frameworks */,
			);
			runOnlyForDeploymentPostprocessing = 0;
		};
		EC4E1A9627C98E2100B10AE0 /* Frameworks */ = {
			isa = PBXFrameworksBuildPhase;
			buildActionMask = 2147483647;
			files = (
				58304F1C7F91D2E163FED9D0 /* Pods_Flix_FlixUITests.framework in Frameworks */,
			);
			runOnlyForDeploymentPostprocessing = 0;
		};
/* End PBXFrameworksBuildPhase section */

/* Begin PBXGroup section */
		802ABE7121CD2529BAE15201 /* Pods */ = {
			isa = PBXGroup;
			children = (
				A5E16FB0B9DD38B7839B6F2E /* Pods-Flix.debug.xcconfig */,
				C180BA3D5FA388976B023D12 /* Pods-Flix.release.xcconfig */,
				A1245119B10A9262D5CB10D7 /* Pods-Flix-FlixUITests.debug.xcconfig */,
				DE94009B3A9A8E7263A3CCBF /* Pods-Flix-FlixUITests.release.xcconfig */,
				F9C1E90B653F8DD00DD804EB /* Pods-FlixTests.debug.xcconfig */,
				5559E63464AA417E420F75E6 /* Pods-FlixTests.release.xcconfig */,
			);
			name = Pods;
			path = Pods;
			sourceTree = "<group>";
		};
		E6A243C468D98B59BEC251A9 /* Frameworks */ = {
			isa = PBXGroup;
			children = (
				335C7E757EBE6FA77F5777E5 /* Pods_Flix.framework */,
				2BB45BC5F5F39B425D41B82E /* Pods_Flix_FlixUITests.framework */,
				2ABE82F800417E6F0CC7F3D5 /* Pods_FlixTests.framework */,
			);
			name = Frameworks;
			sourceTree = "<group>";
		};
		EC4E1A7027C98E1F00B10AE0 = {
			isa = PBXGroup;
			children = (
				EC4E1A7B27C98E1F00B10AE0 /* Flix */,
				EC4E1A9227C98E2100B10AE0 /* FlixTests */,
				EC4E1A9C27C98E2100B10AE0 /* FlixUITests */,
				EC4E1A7A27C98E1F00B10AE0 /* Products */,
				802ABE7121CD2529BAE15201 /* Pods */,
				E6A243C468D98B59BEC251A9 /* Frameworks */,
			);
			sourceTree = "<group>";
		};
		EC4E1A7A27C98E1F00B10AE0 /* Products */ = {
			isa = PBXGroup;
			children = (
				EC4E1A7927C98E1F00B10AE0 /* Flix.app */,
				EC4E1A8F27C98E2100B10AE0 /* FlixTests.xctest */,
				EC4E1A9927C98E2100B10AE0 /* FlixUITests.xctest */,
			);
			name = Products;
			sourceTree = "<group>";
		};
		EC4E1A7B27C98E1F00B10AE0 /* Flix */ = {
			isa = PBXGroup;
			children = (
				EC4E1A7C27C98E1F00B10AE0 /* AppDelegate.swift */,
				EC4E1A7E27C98E1F00B10AE0 /* SceneDelegate.swift */,
				EC4E1A8027C98E1F00B10AE0 /* ViewController.swift */,
				EC4E1A8227C98E1F00B10AE0 /* Main.storyboard */,
				EC4E1A8527C98E2100B10AE0 /* Assets.xcassets */,
				EC4E1A8727C98E2100B10AE0 /* LaunchScreen.storyboard */,
				EC4E1A8A27C98E2100B10AE0 /* Info.plist */,
				EC4E1AB027C99E8200B10AE0 /* MovieCell.swift */,
			);
			path = Flix;
			sourceTree = "<group>";
		};
		EC4E1A9227C98E2100B10AE0 /* FlixTests */ = {
			isa = PBXGroup;
			children = (
				EC4E1A9327C98E2100B10AE0 /* FlixTests.swift */,
			);
			path = FlixTests;
			sourceTree = "<group>";
		};
		EC4E1A9C27C98E2100B10AE0 /* FlixUITests */ = {
			isa = PBXGroup;
			children = (
				EC4E1A9D27C98E2100B10AE0 /* FlixUITests.swift */,
				EC4E1A9F27C98E2100B10AE0 /* FlixUITestsLaunchTests.swift */,
			);
			path = FlixUITests;
			sourceTree = "<group>";
		};
/* End PBXGroup section */

/* Begin PBXNativeTarget section */
		EC4E1A7827C98E1F00B10AE0 /* Flix */ = {
			isa = PBXNativeTarget;
			buildConfigurationList = EC4E1AA327C98E2100B10AE0 /* Build configuration list for PBXNativeTarget "Flix" */;
			buildPhases = (
				EFA0B9A8461A8C0E984AF193 /* [CP] Check Pods Manifest.lock */,
				EC4E1A7527C98E1F00B10AE0 /* Sources */,
				EC4E1A7627C98E1F00B10AE0 /* Frameworks */,
				EC4E1A7727C98E1F00B10AE0 /* Resources */,
				DB3C812330912CFFA968EDB8 /* [CP] Embed Pods Frameworks */,
			);
			buildRules = (
			);
			dependencies = (
			);
			name = Flix;
			packageProductDependencies = (
				EC4E1AB327C9A2A500B10AE0 /* AlamofireImage */,
			);
			productName = Flix;
			productReference = EC4E1A7927C98E1F00B10AE0 /* Flix.app */;
			productType = "com.apple.product-type.application";
		};
		EC4E1A8E27C98E2100B10AE0 /* FlixTests */ = {
			isa = PBXNativeTarget;
			buildConfigurationList = EC4E1AA627C98E2100B10AE0 /* Build configuration list for PBXNativeTarget "FlixTests" */;
			buildPhases = (
				B8546E0AD5A99F81F49B49B6 /* [CP] Check Pods Manifest.lock */,
				EC4E1A8B27C98E2100B10AE0 /* Sources */,
				EC4E1A8C27C98E2100B10AE0 /* Frameworks */,
				EC4E1A8D27C98E2100B10AE0 /* Resources */,
			);
			buildRules = (
			);
			dependencies = (
				EC4E1A9127C98E2100B10AE0 /* PBXTargetDependency */,
			);
			name = FlixTests;
			productName = FlixTests;
			productReference = EC4E1A8F27C98E2100B10AE0 /* FlixTests.xctest */;
			productType = "com.apple.product-type.bundle.unit-test";
		};
		EC4E1A9827C98E2100B10AE0 /* FlixUITests */ = {
			isa = PBXNativeTarget;
			buildConfigurationList = EC4E1AA927C98E2100B10AE0 /* Build configuration list for PBXNativeTarget "FlixUITests" */;
			buildPhases = (
				5EA58B7A513551506900E789 /* [CP] Check Pods Manifest.lock */,
				EC4E1A9527C98E2100B10AE0 /* Sources */,
				EC4E1A9627C98E2100B10AE0 /* Frameworks */,
				EC4E1A9727C98E2100B10AE0 /* Resources */,
				1A63049D6EBEDE813789398B /* [CP] Embed Pods Frameworks */,
			);
			buildRules = (
			);
			dependencies = (
				EC4E1A9B27C98E2100B10AE0 /* PBXTargetDependency */,
			);
			name = FlixUITests;
			productName = FlixUITests;
			productReference = EC4E1A9927C98E2100B10AE0 /* FlixUITests.xctest */;
			productType = "com.apple.product-type.bundle.ui-testing";
		};
/* End PBXNativeTarget section */

/* Begin PBXProject section */
		EC4E1A7127C98E1F00B10AE0 /* Project object */ = {
			isa = PBXProject;
			attributes = {
				BuildIndependentTargetsInParallel = 1;
				LastSwiftUpdateCheck = 1320;
				LastUpgradeCheck = 1320;
				TargetAttributes = {
					EC4E1A7827C98E1F00B10AE0 = {
						CreatedOnToolsVersion = 13.2.1;
					};
					EC4E1A8E27C98E2100B10AE0 = {
						CreatedOnToolsVersion = 13.2.1;
						TestTargetID = EC4E1A7827C98E1F00B10AE0;
					};
					EC4E1A9827C98E2100B10AE0 = {
						CreatedOnToolsVersion = 13.2.1;
						TestTargetID = EC4E1A7827C98E1F00B10AE0;
					};
				};
			};
			buildConfigurationList = EC4E1A7427C98E1F00B10AE0 /* Build configuration list for PBXProject "Flix" */;
			compatibilityVersion = "Xcode 13.0";
			developmentRegion = en;
			hasScannedForEncodings = 0;
			knownRegions = (
				en,
				Base,
			);
			mainGroup = EC4E1A7027C98E1F00B10AE0;
			packageReferences = (
				EC4E1AB227C9A2A500B10AE0 /* XCRemoteSwiftPackageReference "AlamofireImage" */,
			);
			productRefGroup = EC4E1A7A27C98E1F00B10AE0 /* Products */;
			projectDirPath = "";
			projectRoot = "";
			targets = (
				EC4E1A7827C98E1F00B10AE0 /* Flix */,
				EC4E1A8E27C98E2100B10AE0 /* FlixTests */,
				EC4E1A9827C98E2100B10AE0 /* FlixUITests */,
			);
		};
/* End PBXProject section */

/* Begin PBXResourcesBuildPhase section */
		EC4E1A7727C98E1F00B10AE0 /* Resources */ = {
			isa = PBXResourcesBuildPhase;
			buildActionMask = 2147483647;
			files = (
				EC4E1A8927C98E2100B10AE0 /* LaunchScreen.storyboard in Resources */,
				EC4E1A8627C98E2100B10AE0 /* Assets.xcassets in Resources */,
				EC4E1A8427C98E1F00B10AE0 /* Main.storyboard in Resources */,
			);
			runOnlyForDeploymentPostprocessing = 0;
		};
		EC4E1A8D27C98E2100B10AE0 /* Resources */ = {
			isa = PBXResourcesBuildPhase;
			buildActionMask = 2147483647;
			files = (
			);
			runOnlyForDeploymentPostprocessing = 0;
		};
		EC4E1A9727C98E2100B10AE0 /* Resources */ = {
			isa = PBXResourcesBuildPhase;
			buildActionMask = 2147483647;
			files = (
			);
			runOnlyForDeploymentPostprocessing = 0;
		};
/* End PBXResourcesBuildPhase section */

/* Begin PBXShellScriptBuildPhase section */
		1A63049D6EBEDE813789398B /* [CP] Embed Pods Frameworks */ = {
			isa = PBXShellScriptBuildPhase;
			buildActionMask = 2147483647;
			files = (
			);
			inputFileListPaths = (
				"${PODS_ROOT}/Target Support Files/Pods-Flix-FlixUITests/Pods-Flix-FlixUITests-frameworks-${CONFIGURATION}-input-files.xcfilelist",
			);
			name = "[CP] Embed Pods Frameworks";
			outputFileListPaths = (
				"${PODS_ROOT}/Target Support Files/Pods-Flix-FlixUITests/Pods-Flix-FlixUITests-frameworks-${CONFIGURATION}-output-files.xcfilelist",
			);
			runOnlyForDeploymentPostprocessing = 0;
			shellPath = /bin/sh;
			shellScript = "\"${PODS_ROOT}/Target Support Files/Pods-Flix-FlixUITests/Pods-Flix-FlixUITests-frameworks.sh\"\n";
			showEnvVarsInLog = 0;
		};
		5EA58B7A513551506900E789 /* [CP] Check Pods Manifest.lock */ = {
			isa = PBXShellScriptBuildPhase;
			buildActionMask = 2147483647;
			files = (
			);
			inputFileListPaths = (
			);
			inputPaths = (
				"${PODS_PODFILE_DIR_PATH}/Podfile.lock",
				"${PODS_ROOT}/Manifest.lock",
			);
			name = "[CP] Check Pods Manifest.lock";
			outputFileListPaths = (
			);
			outputPaths = (
				"$(DERIVED_FILE_DIR)/Pods-Flix-FlixUITests-checkManifestLockResult.txt",
			);
			runOnlyForDeploymentPostprocessing = 0;
			shellPath = /bin/sh;
			shellScript = "diff \"${PODS_PODFILE_DIR_PATH}/Podfile.lock\" \"${PODS_ROOT}/Manifest.lock\" > /dev/null\nif [ $? != 0 ] ; then\n    # print error to STDERR\n    echo \"error: The sandbox is not in sync with the Podfile.lock. Run 'pod install' or update your CocoaPods installation.\" >&2\n    exit 1\nfi\n# This output is used by Xcode 'outputs' to avoid re-running this script phase.\necho \"SUCCESS\" > \"${SCRIPT_OUTPUT_FILE_0}\"\n";
			showEnvVarsInLog = 0;
		};
		B8546E0AD5A99F81F49B49B6 /* [CP] Check Pods Manifest.lock */ = {
			isa = PBXShellScriptBuildPhase;
			buildActionMask = 2147483647;
			files = (
			);
			inputFileListPaths = (
			);
			inputPaths = (
				"${PODS_PODFILE_DIR_PATH}/Podfile.lock",
				"${PODS_ROOT}/Manifest.lock",
			);
			name = "[CP] Check Pods Manifest.lock";
			outputFileListPaths = (
			);
			outputPaths = (
				"$(DERIVED_FILE_DIR)/Pods-FlixTests-checkManifestLockResult.txt",
			);
			runOnlyForDeploymentPostprocessing = 0;
			shellPath = /bin/sh;
			shellScript = "diff \"${PODS_PODFILE_DIR_PATH}/Podfile.lock\" \"${PODS_ROOT}/Manifest.lock\" > /dev/null\nif [ $? != 0 ] ; then\n    # print error to STDERR\n    echo \"error: The sandbox is not in sync with the Podfile.lock. Run 'pod install' or update your CocoaPods installation.\" >&2\n    exit 1\nfi\n# This output is used by Xcode 'outputs' to avoid re-running this script phase.\necho \"SUCCESS\" > \"${SCRIPT_OUTPUT_FILE_0}\"\n";
			showEnvVarsInLog = 0;
		};
		DB3C812330912CFFA968EDB8 /* [CP] Embed Pods Frameworks */ = {
			isa = PBXShellScriptBuildPhase;
			buildActionMask = 2147483647;
			files = (
			);
			inputFileListPaths = (
				"${PODS_ROOT}/Target Support Files/Pods-Flix/Pods-Flix-frameworks-${CONFIGURATION}-input-files.xcfilelist",
			);
			name = "[CP] Embed Pods Frameworks";
			outputFileListPaths = (
				"${PODS_ROOT}/Target Support Files/Pods-Flix/Pods-Flix-frameworks-${CONFIGURATION}-output-files.xcfilelist",
			);
			runOnlyForDeploymentPostprocessing = 0;
			shellPath = /bin/sh;
			shellScript = "\"${PODS_ROOT}/Target Support Files/Pods-Flix/Pods-Flix-frameworks.sh\"\n";
			showEnvVarsInLog = 0;
		};
		EFA0B9A8461A8C0E984AF193 /* [CP] Check Pods Manifest.lock */ = {
			isa = PBXShellScriptBuildPhase;
			buildActionMask = 2147483647;
			files = (
			);
			inputFileListPaths = (
			);
			inputPaths = (
				"${PODS_PODFILE_DIR_PATH}/Podfile.lock",
				"${PODS_ROOT}/Manifest.lock",
			);
			name = "[CP] Check Pods Manifest.lock";
			outputFileListPaths = (
			);
			outputPaths = (
				"$(DERIVED_FILE_DIR)/Pods-Flix-checkManifestLockResult.txt",
			);
			runOnlyForDeploymentPostprocessing = 0;
			shellPath = /bin/sh;
			shellScript = "diff \"${PODS_PODFILE_DIR_PATH}/Podfile.lock\" \"${PODS_ROOT}/Manifest.lock\" > /dev/null\nif [ $? != 0 ] ; then\n    # print error to STDERR\n    echo \"error: The sandbox is not in sync with the Podfile.lock. Run 'pod install' or update your CocoaPods installation.\" >&2\n    exit 1\nfi\n# This output is used by Xcode 'outputs' to avoid re-running this script phase.\necho \"SUCCESS\" > \"${SCRIPT_OUTPUT_FILE_0}\"\n";
			showEnvVarsInLog = 0;
		};
/* End PBXShellScriptBuildPhase section */

/* Begin PBXSourcesBuildPhase section */
		EC4E1A7527C98E1F00B10AE0 /* Sources */ = {
			isa = PBXSourcesBuildPhase;
			buildActionMask = 2147483647;
			files = (
				EC4E1A8127C98E1F00B10AE0 /* ViewController.swift in Sources */,
				EC4E1A7D27C98E1F00B10AE0 /* AppDelegate.swift in Sources */,
				EC4E1AB127C99E8200B10AE0 /* MovieCell.swift in Sources */,
				EC4E1A7F27C98E1F00B10AE0 /* SceneDelegate.swift in Sources */,
			);
			runOnlyForDeploymentPostprocessing = 0;
		};
		EC4E1A8B27C98E2100B10AE0 /* Sources */ = {
			isa = PBXSourcesBuildPhase;
			buildActionMask = 2147483647;
			files = (
				EC4E1A9427C98E2100B10AE0 /* FlixTests.swift in Sources */,
			);
			runOnlyForDeploymentPostprocessing = 0;
		};
		EC4E1A9527C98E2100B10AE0 /* Sources */ = {
			isa = PBXSourcesBuildPhase;
			buildActionMask = 2147483647;
			files = (
				EC4E1A9E27C98E2100B10AE0 /* FlixUITests.swift in Sources */,
				EC4E1AA027C98E2100B10AE0 /* FlixUITestsLaunchTests.swift in Sources */,
			);
			runOnlyForDeploymentPostprocessing = 0;
		};
/* End PBXSourcesBuildPhase section */

/* Begin PBXTargetDependency section */
		EC4E1A9127C98E2100B10AE0 /* PBXTargetDependency */ = {
			isa = PBXTargetDependency;
			target = EC4E1A7827C98E1F00B10AE0 /* Flix */;
			targetProxy = EC4E1A9027C98E2100B10AE0 /* PBXContainerItemProxy */;
		};
		EC4E1A9B27C98E2100B10AE0 /* PBXTargetDependency */ = {
			isa = PBXTargetDependency;
			target = EC4E1A7827C98E1F00B10AE0 /* Flix */;
			targetProxy = EC4E1A9A27C98E2100B10AE0 /* PBXContainerItemProxy */;
		};
/* End PBXTargetDependency section */

/* Begin PBXVariantGroup section */
		EC4E1A8227C98E1F00B10AE0 /* Main.storyboard */ = {
			isa = PBXVariantGroup;
			children = (
				EC4E1A8327C98E1F00B10AE0 /* Base */,
			);
			name = Main.storyboard;
			sourceTree = "<group>";
		};
		EC4E1A8727C98E2100B10AE0 /* LaunchScreen.storyboard */ = {
			isa = PBXVariantGroup;
			children = (
				EC4E1A8827C98E2100B10AE0 /* Base */,
			);
			name = LaunchScreen.storyboard;
			sourceTree = "<group>";
		};
/* End PBXVariantGroup section */

/* Begin XCBuildConfiguration section */
		EC4E1AA127C98E2100B10AE0 /* Debug */ = {
			isa = XCBuildConfiguration;
			buildSettings = {
				ALWAYS_SEARCH_USER_PATHS = NO;
				CLANG_ANALYZER_NONNULL = YES;
				CLANG_ANALYZER_NUMBER_OBJECT_CONVERSION = YES_AGGRESSIVE;
				CLANG_CXX_LANGUAGE_STANDARD = "gnu++17";
				CLANG_CXX_LIBRARY = "libc++";
				CLANG_ENABLE_MODULES = YES;
				CLANG_ENABLE_OBJC_ARC = YES;
				CLANG_ENABLE_OBJC_WEAK = YES;
				CLANG_WARN_BLOCK_CAPTURE_AUTORELEASING = YES;
				CLANG_WARN_BOOL_CONVERSION = YES;
				CLANG_WARN_COMMA = YES;
				CLANG_WARN_CONSTANT_CONVERSION = YES;
				CLANG_WARN_DEPRECATED_OBJC_IMPLEMENTATIONS = YES;
				CLANG_WARN_DIRECT_OBJC_ISA_USAGE = YES_ERROR;
				CLANG_WARN_DOCUMENTATION_COMMENTS = YES;
				CLANG_WARN_EMPTY_BODY = YES;
				CLANG_WARN_ENUM_CONVERSION = YES;
				CLANG_WARN_INFINITE_RECURSION = YES;
				CLANG_WARN_INT_CONVERSION = YES;
				CLANG_WARN_NON_LITERAL_NULL_CONVERSION = YES;
				CLANG_WARN_OBJC_IMPLICIT_RETAIN_SELF = YES;
				CLANG_WARN_OBJC_LITERAL_CONVERSION = YES;
				CLANG_WARN_OBJC_ROOT_CLASS = YES_ERROR;
				CLANG_WARN_QUOTED_INCLUDE_IN_FRAMEWORK_HEADER = YES;
				CLANG_WARN_RANGE_LOOP_ANALYSIS = YES;
				CLANG_WARN_STRICT_PROTOTYPES = YES;
				CLANG_WARN_SUSPICIOUS_MOVE = YES;
				CLANG_WARN_UNGUARDED_AVAILABILITY = YES_AGGRESSIVE;
				CLANG_WARN_UNREACHABLE_CODE = YES;
				CLANG_WARN__DUPLICATE_METHOD_MATCH = YES;
				COPY_PHASE_STRIP = NO;
				DEBUG_INFORMATION_FORMAT = dwarf;
				ENABLE_STRICT_OBJC_MSGSEND = YES;
				ENABLE_TESTABILITY = YES;
				GCC_C_LANGUAGE_STANDARD = gnu11;
				GCC_DYNAMIC_NO_PIC = NO;
				GCC_NO_COMMON_BLOCKS = YES;
				GCC_OPTIMIZATION_LEVEL = 0;
				GCC_PREPROCESSOR_DEFINITIONS = (
					"DEBUG=1",
					"$(inherited)",
				);
				GCC_WARN_64_TO_32_BIT_CONVERSION = YES;
				GCC_WARN_ABOUT_RETURN_TYPE = YES_ERROR;
				GCC_WARN_UNDECLARED_SELECTOR = YES;
				GCC_WARN_UNINITIALIZED_AUTOS = YES_AGGRESSIVE;
				GCC_WARN_UNUSED_FUNCTION = YES;
				GCC_WARN_UNUSED_VARIABLE = YES;
				IPHONEOS_DEPLOYMENT_TARGET = 15.2;
				MTL_ENABLE_DEBUG_INFO = INCLUDE_SOURCE;
				MTL_FAST_MATH = YES;
				ONLY_ACTIVE_ARCH = YES;
				SDKROOT = iphoneos;
				SWIFT_ACTIVE_COMPILATION_CONDITIONS = DEBUG;
				SWIFT_OPTIMIZATION_LEVEL = "-Onone";
			};
			name = Debug;
		};
		EC4E1AA227C98E2100B10AE0 /* Release */ = {
			isa = XCBuildConfiguration;
			buildSettings = {
				ALWAYS_SEARCH_USER_PATHS = NO;
				CLANG_ANALYZER_NONNULL = YES;
				CLANG_ANALYZER_NUMBER_OBJECT_CONVERSION = YES_AGGRESSIVE;
				CLANG_CXX_LANGUAGE_STANDARD = "gnu++17";
				CLANG_CXX_LIBRARY = "libc++";
				CLANG_ENABLE_MODULES = YES;
				CLANG_ENABLE_OBJC_ARC = YES;
				CLANG_ENABLE_OBJC_WEAK = YES;
				CLANG_WARN_BLOCK_CAPTURE_AUTORELEASING = YES;
				CLANG_WARN_BOOL_CONVERSION = YES;
				CLANG_WARN_COMMA = YES;
				CLANG_WARN_CONSTANT_CONVERSION = YES;
				CLANG_WARN_DEPRECATED_OBJC_IMPLEMENTATIONS = YES;
				CLANG_WARN_DIRECT_OBJC_ISA_USAGE = YES_ERROR;
				CLANG_WARN_DOCUMENTATION_COMMENTS = YES;
				CLANG_WARN_EMPTY_BODY = YES;
				CLANG_WARN_ENUM_CONVERSION = YES;
				CLANG_WARN_INFINITE_RECURSION = YES;
				CLANG_WARN_INT_CONVERSION = YES;
				CLANG_WARN_NON_LITERAL_NULL_CONVERSION = YES;
				CLANG_WARN_OBJC_IMPLICIT_RETAIN_SELF = YES;
				CLANG_WARN_OBJC_LITERAL_CONVERSION = YES;
				CLANG_WARN_OBJC_ROOT_CLASS = YES_ERROR;
				CLANG_WARN_QUOTED_INCLUDE_IN_FRAMEWORK_HEADER = YES;
				CLANG_WARN_RANGE_LOOP_ANALYSIS = YES;
				CLANG_WARN_STRICT_PROTOTYPES = YES;
				CLANG_WARN_SUSPICIOUS_MOVE = YES;
				CLANG_WARN_UNGUARDED_AVAILABILITY = YES_AGGRESSIVE;
				CLANG_WARN_UNREACHABLE_CODE = YES;
				CLANG_WARN__DUPLICATE_METHOD_MATCH = YES;
				COPY_PHASE_STRIP = NO;
				DEBUG_INFORMATION_FORMAT = "dwarf-with-dsym";
				ENABLE_NS_ASSERTIONS = NO;
				ENABLE_STRICT_OBJC_MSGSEND = YES;
				GCC_C_LANGUAGE_STANDARD = gnu11;
				GCC_NO_COMMON_BLOCKS = YES;
				GCC_WARN_64_TO_32_BIT_CONVERSION = YES;
				GCC_WARN_ABOUT_RETURN_TYPE = YES_ERROR;
				GCC_WARN_UNDECLARED_SELECTOR = YES;
				GCC_WARN_UNINITIALIZED_AUTOS = YES_AGGRESSIVE;
				GCC_WARN_UNUSED_FUNCTION = YES;
				GCC_WARN_UNUSED_VARIABLE = YES;
				IPHONEOS_DEPLOYMENT_TARGET = 15.2;
				MTL_ENABLE_DEBUG_INFO = NO;
				MTL_FAST_MATH = YES;
				SDKROOT = iphoneos;
				SWIFT_COMPILATION_MODE = wholemodule;
				SWIFT_OPTIMIZATION_LEVEL = "-O";
				VALIDATE_PRODUCT = YES;
			};
			name = Release;
		};
		EC4E1AA427C98E2100B10AE0 /* Debug */ = {
			isa = XCBuildConfiguration;
			baseConfigurationReference = A5E16FB0B9DD38B7839B6F2E /* Pods-Flix.debug.xcconfig */;
			buildSettings = {
				ASSETCATALOG_COMPILER_APPICON_NAME = AppIcon;
				ASSETCATALOG_COMPILER_GLOBAL_ACCENT_COLOR_NAME = AccentColor;
				CODE_SIGN_STYLE = Automatic;
				CURRENT_PROJECT_VERSION = 1;
				DEVELOPMENT_TEAM = FQLBZW36F5;
				GENERATE_INFOPLIST_FILE = YES;
				INFOPLIST_FILE = Flix/Info.plist;
				INFOPLIST_KEY_UIApplicationSupportsIndirectInputEvents = YES;
				INFOPLIST_KEY_UILaunchStoryboardName = LaunchScreen;
				INFOPLIST_KEY_UIMainStoryboardFile = Main;
				INFOPLIST_KEY_UISupportedInterfaceOrientations_iPad = "UIInterfaceOrientationPortrait UIInterfaceOrientationPortraitUpsideDown UIInterfaceOrientationLandscapeLeft UIInterfaceOrientationLandscapeRight";
				INFOPLIST_KEY_UISupportedInterfaceOrientations_iPhone = "UIInterfaceOrientationPortrait UIInterfaceOrientationLandscapeLeft UIInterfaceOrientationLandscapeRight";
				LD_RUNPATH_SEARCH_PATHS = (
					"$(inherited)",
					"@executable_path/Frameworks",
				);
				MARKETING_VERSION = 1.0;
				PRODUCT_BUNDLE_IDENTIFIER = com.nikusun.Flix;
				PRODUCT_NAME = "$(TARGET_NAME)";
				SWIFT_EMIT_LOC_STRINGS = YES;
				SWIFT_VERSION = 5.0;
				TARGETED_DEVICE_FAMILY = "1,2";
			};
			name = Debug;
		};
		EC4E1AA527C98E2100B10AE0 /* Release */ = {
			isa = XCBuildConfiguration;
			baseConfigurationReference = C180BA3D5FA388976B023D12 /* Pods-Flix.release.xcconfig */;
			buildSettings = {
				ASSETCATALOG_COMPILER_APPICON_NAME = AppIcon;
				ASSETCATALOG_COMPILER_GLOBAL_ACCENT_COLOR_NAME = AccentColor;
				CODE_SIGN_STYLE = Automatic;
				CURRENT_PROJECT_VERSION = 1;
				DEVELOPMENT_TEAM = FQLBZW36F5;
				GENERATE_INFOPLIST_FILE = YES;
				INFOPLIST_FILE = Flix/Info.plist;
				INFOPLIST_KEY_UIApplicationSupportsIndirectInputEvents = YES;
				INFOPLIST_KEY_UILaunchStoryboardName = LaunchScreen;
				INFOPLIST_KEY_UIMainStoryboardFile = Main;
				INFOPLIST_KEY_UISupportedInterfaceOrientations_iPad = "UIInterfaceOrientationPortrait UIInterfaceOrientationPortraitUpsideDown UIInterfaceOrientationLandscapeLeft UIInterfaceOrientationLandscapeRight";
				INFOPLIST_KEY_UISupportedInterfaceOrientations_iPhone = "UIInterfaceOrientationPortrait UIInterfaceOrientationLandscapeLeft UIInterfaceOrientationLandscapeRight";
				LD_RUNPATH_SEARCH_PATHS = (
					"$(inherited)",
					"@executable_path/Frameworks",
				);
				MARKETING_VERSION = 1.0;
				PRODUCT_BUNDLE_IDENTIFIER = com.nikusun.Flix;
				PRODUCT_NAME = "$(TARGET_NAME)";
				SWIFT_EMIT_LOC_STRINGS = YES;
				SWIFT_VERSION = 5.0;
				TARGETED_DEVICE_FAMILY = "1,2";
			};
			name = Release;
		};
		EC4E1AA727C98E2100B10AE0 /* Debug */ = {
			isa = XCBuildConfiguration;
			baseConfigurationReference = F9C1E90B653F8DD00DD804EB /* Pods-FlixTests.debug.xcconfig */;
			buildSettings = {
				ALWAYS_EMBED_SWIFT_STANDARD_LIBRARIES = YES;
				BUNDLE_LOADER = "$(TEST_HOST)";
				CODE_SIGN_STYLE = Automatic;
				CURRENT_PROJECT_VERSION = 1;
				DEVELOPMENT_TEAM = FQLBZW36F5;
				GENERATE_INFOPLIST_FILE = YES;
				IPHONEOS_DEPLOYMENT_TARGET = 15.2;
				MARKETING_VERSION = 1.0;
				PRODUCT_BUNDLE_IDENTIFIER = com.nikusun.FlixTests;
				PRODUCT_NAME = "$(TARGET_NAME)";
				SWIFT_EMIT_LOC_STRINGS = NO;
				SWIFT_VERSION = 5.0;
				TARGETED_DEVICE_FAMILY = "1,2";
				TEST_HOST = "$(BUILT_PRODUCTS_DIR)/Flix.app/Flix";
			};
			name = Debug;
		};
		EC4E1AA827C98E2100B10AE0 /* Release */ = {
			isa = XCBuildConfiguration;
			baseConfigurationReference = 5559E63464AA417E420F75E6 /* Pods-FlixTests.release.xcconfig */;
			buildSettings = {
				ALWAYS_EMBED_SWIFT_STANDARD_LIBRARIES = YES;
				BUNDLE_LOADER = "$(TEST_HOST)";
				CODE_SIGN_STYLE = Automatic;
				CURRENT_PROJECT_VERSION = 1;
				DEVELOPMENT_TEAM = FQLBZW36F5;
				GENERATE_INFOPLIST_FILE = YES;
				IPHONEOS_DEPLOYMENT_TARGET = 15.2;
				MARKETING_VERSION = 1.0;
				PRODUCT_BUNDLE_IDENTIFIER = com.nikusun.FlixTests;
				PRODUCT_NAME = "$(TARGET_NAME)";
				SWIFT_EMIT_LOC_STRINGS = NO;
				SWIFT_VERSION = 5.0;
				TARGETED_DEVICE_FAMILY = "1,2";
				TEST_HOST = "$(BUILT_PRODUCTS_DIR)/Flix.app/Flix";
			};
			name = Release;
		};
		EC4E1AAA27C98E2100B10AE0 /* Debug */ = {
			isa = XCBuildConfiguration;
			baseConfigurationReference = A1245119B10A9262D5CB10D7 /* Pods-Flix-FlixUITests.debug.xcconfig */;
			buildSettings = {
				ALWAYS_EMBED_SWIFT_STANDARD_LIBRARIES = YES;
				CODE_SIGN_STYLE = Automatic;
				CURRENT_PROJECT_VERSION = 1;
				DEVELOPMENT_TEAM = FQLBZW36F5;
				GENERATE_INFOPLIST_FILE = YES;
				MARKETING_VERSION = 1.0;
				PRODUCT_BUNDLE_IDENTIFIER = com.nikusun.FlixUITests;
				PRODUCT_NAME = "$(TARGET_NAME)";
				SWIFT_EMIT_LOC_STRINGS = NO;
				SWIFT_VERSION = 5.0;
				TARGETED_DEVICE_FAMILY = "1,2";
				TEST_TARGET_NAME = Flix;
			};
			name = Debug;
		};
		EC4E1AAB27C98E2100B10AE0 /* Release */ = {
			isa = XCBuildConfiguration;
			baseConfigurationReference = DE94009B3A9A8E7263A3CCBF /* Pods-Flix-FlixUITests.release.xcconfig */;
			buildSettings = {
				ALWAYS_EMBED_SWIFT_STANDARD_LIBRARIES = YES;
				CODE_SIGN_STYLE = Automatic;
				CURRENT_PROJECT_VERSION = 1;
				DEVELOPMENT_TEAM = FQLBZW36F5;
				GENERATE_INFOPLIST_FILE = YES;
				MARKETING_VERSION = 1.0;
				PRODUCT_BUNDLE_IDENTIFIER = com.nikusun.FlixUITests;
				PRODUCT_NAME = "$(TARGET_NAME)";
				SWIFT_EMIT_LOC_STRINGS = NO;
				SWIFT_VERSION = 5.0;
				TARGETED_DEVICE_FAMILY = "1,2";
				TEST_TARGET_NAME = Flix;
			};
			name = Release;
		};
/* End XCBuildConfiguration section */

/* Begin XCConfigurationList section */
		EC4E1A7427C98E1F00B10AE0 /* Build configuration list for PBXProject "Flix" */ = {
			isa = XCConfigurationList;
			buildConfigurations = (
				EC4E1AA127C98E2100B10AE0 /* Debug */,
				EC4E1AA227C98E2100B10AE0 /* Release */,
			);
			defaultConfigurationIsVisible = 0;
			defaultConfigurationName = Release;
		};
		EC4E1AA327C98E2100B10AE0 /* Build configuration list for PBXNativeTarget "Flix" */ = {
			isa = XCConfigurationList;
			buildConfigurations = (
				EC4E1AA427C98E2100B10AE0 /* Debug */,
				EC4E1AA527C98E2100B10AE0 /* Release */,
			);
			defaultConfigurationIsVisible = 0;
			defaultConfigurationName = Release;
		};
		EC4E1AA627C98E2100B10AE0 /* Build configuration list for PBXNativeTarget "FlixTests" */ = {
			isa = XCConfigurationList;
			buildConfigurations = (
				EC4E1AA727C98E2100B10AE0 /* Debug */,
				EC4E1AA827C98E2100B10AE0 /* Release */,
			);
			defaultConfigurationIsVisible = 0;
			defaultConfigurationName = Release;
		};
		EC4E1AA927C98E2100B10AE0 /* Build configuration list for PBXNativeTarget "FlixUITests" */ = {
			isa = XCConfigurationList;
			buildConfigurations = (
				EC4E1AAA27C98E2100B10AE0 /* Debug */,
				EC4E1AAB27C98E2100B10AE0 /* Release */,
			);
			defaultConfigurationIsVisible = 0;
			defaultConfigurationName = Release;
		};
/* End XCConfigurationList section */

/* Begin XCRemoteSwiftPackageReference section */
		EC4E1AB227C9A2A500B10AE0 /* XCRemoteSwiftPackageReference "AlamofireImage" */ = {
			isa = XCRemoteSwiftPackageReference;
			repositoryURL = "https://github.com/Alamofire/AlamofireImage";
			requirement = {
				kind = upToNextMajorVersion;
				minimumVersion = 4.0.0;
			};
		};
/* End XCRemoteSwiftPackageReference section */

/* Begin XCSwiftPackageProductDependency section */
		EC4E1AB327C9A2A500B10AE0 /* AlamofireImage */ = {
			isa = XCSwiftPackageProductDependency;
			package = EC4E1AB227C9A2A500B10AE0 /* XCRemoteSwiftPackageReference "AlamofireImage" */;
			productName = AlamofireImage;
		};
/* End XCSwiftPackageProductDependency section */
	};
	rootObject = EC4E1A7127C98E1F00B10AE0 /* Project object */;
}
